
Microsoft Visual Studio Solution File, Format Version 12.00
# Visual Studio Version 17
VisualStudioVersion = 17.0.31912.275
MinimumVisualStudioVersion = 10.0.40219.1
Project("{FAE04EC0-301F-11D3-BF4B-00C04F79EFBC}") = "VentaFrio", "VentaFrio.csproj", "{391FCE20-2BF4-4025-8947-175C088ED65B}"
EndProject
Global
	GlobalSection(SolutionConfigurationPlatforms) = preSolution
		Debug|Any CPU = Debug|Any CPU
		Release|Any CPU = Release|Any CPU
	EndGlobalSection
	GlobalSection(ProjectConfigurationPlatforms) = postSolution
		{391FCE20-2BF4-4025-8947-175C088ED65B}.Debug|Any CPU.ActiveCfg = Debug|Any CPU
		{391FCE20-2BF4-4025-8947-175C088ED65B}.Debug|Any CPU.Build.0 = Debug|Any CPU
		{391FCE20-2BF4-4025-8947-175C088ED65B}.Release|Any CPU.ActiveCfg = Release|Any CPU
		{391FCE20-2BF4-4025-8947-175C088ED65B}.Release|Any CPU.Build.0 = Release|Any CPU
	EndGlobalSection
	GlobalSection(SolutionProperties) = preSolution
		HideSolutionNode = FALSE
	EndGlobalSection
	GlobalSection(ExtensibilityGlobals) = postSolution
		SolutionGuid = {54CBEAB4-7A8C-4295-AE02-6F79179120B8}
	EndGlobalSection
EndGlobal
